{
  "version": 4,
  "terraform_version": "1.4.2",
  "serial": 56,
  "lineage": "851eb44b-47c3-3102-c8df-7e8d75a078e9",
  "outputs": {
    "external_ip_address_node02_yandex_cloud": {
      "value": "158.160.62.128",
      "type": "string"
    },
    "external_ip_address_node03_yandex_cloud": {
      "value": "158.160.32.198",
      "type": "string"
    },
    "internal_ip_address_node01_yandex_cloud": {
      "value": "158.160.41.72",
      "type": "string"
    }
  },
  "resources": [
    {
      "mode": "managed",
      "type": "local_file",
      "name": "ip",
      "provider": "provider[\"registry.terraform.io/hashicorp/local\"]",
      "instances": [
        {
          "schema_version": 0,
          "attributes": {
            "content": "---\n    clickhouse_ip: 158.160.41.72\n",
            "content_base64": null,
            "content_base64sha256": "7lFt7sxhKM07QReoFv6pc4TVq0HX+5SzCzxgwtwCKzg=",
            "content_base64sha512": "pTHt+QDrfd8Iliy2TMD39r5+l0JZ3cmDdAmdGQnI8EwfJ/ZmpuZi2CAtKIypkiyR7ieHVQVXdbLEgJqEGZs+4Q==",
            "content_md5": "f76dd22bbecfe27470f96c6e36e82d6c",
            "content_sha1": "a2bca6c024bc053880ab09216f304bed81c05d15",
            "content_sha256": "ee516deecc6128cd3b4117a816fea97384d5ab41d7fb94b30b3c60c2dc022b38",
            "content_sha512": "a531edf900eb7ddf08962cb64cc0f7f6be7e974259ddc98374099d1909c8f04c1f27f666a6e662d8202d288ca9922c91ee278755055775b2c4809a84199b3ee1",
            "directory_permission": "0777",
            "file_permission": "0777",
            "filename": "../group_vars/all/ip.yml",
            "id": "a2bca6c024bc053880ab09216f304bed81c05d15",
            "sensitive_content": null,
            "source": null
          },
          "sensitive_attributes": [],
          "dependencies": [
            "yandex_compute_instance.node01",
            "yandex_vpc_network.default",
            "yandex_vpc_subnet.default"
          ]
        }
      ]
    },
    {
      "mode": "managed",
      "type": "local_file",
      "name": "prod",
      "provider": "provider[\"registry.terraform.io/hashicorp/local\"]",
      "instances": [
        {
          "schema_version": 0,
          "attributes": {
            "content": "---\n    clickhouse:\n      hosts:\n        clickhouse-01:\n          ansible_host: 158.160.41.72\n          ansible_user: centos\n    vector:\n      hosts:\n        vector-01:\n          ansible_host: 158.160.62.128\n          ansible_user: centos\n    lighthouse:\n      hosts:\n        lighthouse-01:\n          ansible_host: 158.160.32.198\n          ansible_user: centos\n",
            "content_base64": null,
            "content_base64sha256": "2dMMLUqYlkE668JE0z6hDdqfDeZ4i7680VXcYioULGw=",
            "content_base64sha512": "n/EUNsGeUYVrx6TmkAajP0jTF67ERkYnyh6YRMbh5+uHST0SaS3qJ8mNIlymN3j2lxZydJGkxyJgsI25i733Aw==",
            "content_md5": "3654d1dc5479993fab29fa8d830b894d",
            "content_sha1": "f4ef33e53e0b674d5a55849cecc905b02adc5111",
            "content_sha256": "d9d30c2d4a9896413aebc244d33ea10dda9f0de6788bbebcd155dc622a142c6c",
            "content_sha512": "9ff11436c19e51856bc7a4e69006a33f48d317aec4464627ca1e9844c6e1e7eb87493d12692dea27c98d225ca63778f69716727491a4c72260b08db98bbdf703",
            "directory_permission": "0777",
            "file_permission": "0777",
            "filename": "../inventory/prod.yml",
            "id": "f4ef33e53e0b674d5a55849cecc905b02adc5111",
            "sensitive_content": null,
            "source": null
          },
          "sensitive_attributes": [],
          "dependencies": [
            "yandex_compute_instance.node01",
            "yandex_compute_instance.node02",
            "yandex_compute_instance.node03",
            "yandex_vpc_network.default",
            "yandex_vpc_subnet.default"
          ]
        }
      ]
    },
    {
      "mode": "managed",
      "type": "yandex_compute_instance",
      "name": "node01",
      "provider": "provider[\"registry.terraform.io/yandex-cloud/yandex\"]",
      "instances": [
        {
          "schema_version": 1,
          "attributes": {
            "allow_recreate": null,
            "allow_stopping_for_update": true,
            "boot_disk": [
              {
                "auto_delete": true,
                "device_name": "fhmk14rbpp28mjqb9bf7",
                "disk_id": "fhmk14rbpp28mjqb9bf7",
                "initialize_params": [
                  {
                    "block_size": 4096,
                    "description": "",
                    "image_id": "fd8jvcoeij6u9se84dt5",
                    "name": "root-node01",
                    "size": 10,
                    "snapshot_id": "",
                    "type": "network-ssd"
                  }
                ],
                "mode": "READ_WRITE"
              }
            ],
            "created_at": "2023-03-21T06:36:46Z",
            "description": "",
            "filesystem": [],
            "folder_id": "b1gtfhn8k74du29stfr9",
            "fqdn": "node01.netology.cloud",
            "hostname": "node01.netology.cloud",
            "id": "fhmh657017pdatl4nt9o",
            "labels": null,
            "local_disk": [],
            "metadata": {
              "ssh-keys": "centos:ssh-rsa AAAAB3NzaC1yc2EAAAADAQABAAABgQCuc6YavrhABDzhjywcTPL7Z7g7AglXdzzUInWOXXNKlCcfnSFACKo3TEPkzanGUM/Pf6ybqZeSEpafrAISQ6BKZrnC0pWkj/CED4lUg3OhV1xpgF9q1CRgjM1746wj6CHE4Hdof+REHtRvp0PmOxqIFHhdM9vdYMPywVIkK06zDScZJn1jjak5R+WD/mGEiMLDxLy2D9DlB+O0nixHSSjGjWPB4akvbIQWubBvidObBoPOOLKkys/EIj+ZIB77aIIkViE0r+0dtGYcbF+eVtfU20PGitLsiaub/uY7Zsn+/f8kVwyb6xlelwnJM4F3d9I7a5yQNGHtNQE6TDn4/ArD+RVUHhy9nUhDC42XgEwm/J2Lu/7UQFiyIh0kBN32cEYch/DSZf59LcE3/JjBocw7eVDLw9SQrOWZWIP82EY6pWvj0fy05SHnxfSgfpNFBwVzS4+hSHkD3D+QQG9QkbhAIJvDL/q/Nzor2XIWHFPaYFM7veuKkIQMXsSm5JOpNx8= vagrant@NETOLOGY\n"
            },
            "metadata_options": [
              {
                "aws_v1_http_endpoint": 1,
                "aws_v1_http_token": 2,
                "gce_http_endpoint": 1,
                "gce_http_token": 1
              }
            ],
            "name": "node01",
            "network_acceleration_type": "standard",
            "network_interface": [
              {
                "dns_record": [],
                "index": 0,
                "ip_address": "192.168.101.26",
                "ipv4": true,
                "ipv6": false,
                "ipv6_address": "",
                "ipv6_dns_record": [],
                "mac_address": "d0:0d:11:31:4e:00",
                "nat": true,
                "nat_dns_record": [],
                "nat_ip_address": "158.160.41.72",
                "nat_ip_version": "IPV4",
                "security_group_ids": [],
                "subnet_id": "e9b43bhfknp25pkropsv"
              }
            ],
            "placement_policy": [
              {
                "host_affinity_rules": [],
                "placement_group_id": ""
              }
            ],
            "platform_id": "standard-v1",
            "resources": [
              {
                "core_fraction": 100,
                "cores": 2,
                "gpus": 0,
                "memory": 2
              }
            ],
            "scheduling_policy": [
              {
                "preemptible": false
              }
            ],
            "secondary_disk": [],
            "service_account_id": "",
            "status": "running",
            "timeouts": null,
            "zone": "ru-central1-a"
          },
          "sensitive_attributes": [],
          "private": "eyJlMmJmYjczMC1lY2FhLTExZTYtOGY4OC0zNDM2M2JjN2M0YzAiOnsiY3JlYXRlIjozMDAwMDAwMDAwMDAsImRlbGV0ZSI6MzAwMDAwMDAwMDAwLCJ1cGRhdGUiOjMwMDAwMDAwMDAwMH0sInNjaGVtYV92ZXJzaW9uIjoiMSJ9",
          "dependencies": [
            "yandex_vpc_network.default",
            "yandex_vpc_subnet.default"
          ]
        }
      ]
    },
    {
      "mode": "managed",
      "type": "yandex_compute_instance",
      "name": "node02",
      "provider": "provider[\"registry.terraform.io/yandex-cloud/yandex\"]",
      "instances": [
        {
          "schema_version": 1,
          "attributes": {
            "allow_recreate": null,
            "allow_stopping_for_update": true,
            "boot_disk": [
              {
                "auto_delete": true,
                "device_name": "fhmmme7nl7n6809aj6qb",
                "disk_id": "fhmmme7nl7n6809aj6qb",
                "initialize_params": [
                  {
                    "block_size": 4096,
                    "description": "",
                    "image_id": "fd8jvcoeij6u9se84dt5",
                    "name": "root-node02",
                    "size": 10,
                    "snapshot_id": "",
                    "type": "network-ssd"
                  }
                ],
                "mode": "READ_WRITE"
              }
            ],
            "created_at": "2023-03-21T06:36:46Z",
            "description": "",
            "filesystem": [],
            "folder_id": "b1gtfhn8k74du29stfr9",
            "fqdn": "node02.netology.yc",
            "hostname": "node02.netology.yc",
            "id": "fhmn8upauome03vt95fg",
            "labels": null,
            "local_disk": [],
            "metadata": {
              "ssh-keys": "centos:ssh-rsa AAAAB3NzaC1yc2EAAAADAQABAAABgQCuc6YavrhABDzhjywcTPL7Z7g7AglXdzzUInWOXXNKlCcfnSFACKo3TEPkzanGUM/Pf6ybqZeSEpafrAISQ6BKZrnC0pWkj/CED4lUg3OhV1xpgF9q1CRgjM1746wj6CHE4Hdof+REHtRvp0PmOxqIFHhdM9vdYMPywVIkK06zDScZJn1jjak5R+WD/mGEiMLDxLy2D9DlB+O0nixHSSjGjWPB4akvbIQWubBvidObBoPOOLKkys/EIj+ZIB77aIIkViE0r+0dtGYcbF+eVtfU20PGitLsiaub/uY7Zsn+/f8kVwyb6xlelwnJM4F3d9I7a5yQNGHtNQE6TDn4/ArD+RVUHhy9nUhDC42XgEwm/J2Lu/7UQFiyIh0kBN32cEYch/DSZf59LcE3/JjBocw7eVDLw9SQrOWZWIP82EY6pWvj0fy05SHnxfSgfpNFBwVzS4+hSHkD3D+QQG9QkbhAIJvDL/q/Nzor2XIWHFPaYFM7veuKkIQMXsSm5JOpNx8= vagrant@NETOLOGY\n"
            },
            "metadata_options": [
              {
                "aws_v1_http_endpoint": 1,
                "aws_v1_http_token": 2,
                "gce_http_endpoint": 1,
                "gce_http_token": 1
              }
            ],
            "name": "node02",
            "network_acceleration_type": "standard",
            "network_interface": [
              {
                "dns_record": [],
                "index": 0,
                "ip_address": "192.168.101.21",
                "ipv4": true,
                "ipv6": false,
                "ipv6_address": "",
                "ipv6_dns_record": [],
                "mac_address": "d0:0d:17:47:b2:af",
                "nat": true,
                "nat_dns_record": [],
                "nat_ip_address": "158.160.62.128",
                "nat_ip_version": "IPV4",
                "security_group_ids": [],
                "subnet_id": "e9b43bhfknp25pkropsv"
              }
            ],
            "placement_policy": [
              {
                "host_affinity_rules": [],
                "placement_group_id": ""
              }
            ],
            "platform_id": "standard-v1",
            "resources": [
              {
                "core_fraction": 100,
                "cores": 2,
                "gpus": 0,
                "memory": 2
              }
            ],
            "scheduling_policy": [
              {
                "preemptible": false
              }
            ],
            "secondary_disk": [],
            "service_account_id": "",
            "status": "running",
            "timeouts": null,
            "zone": "ru-central1-a"
          },
          "sensitive_attributes": [],
          "private": "eyJlMmJmYjczMC1lY2FhLTExZTYtOGY4OC0zNDM2M2JjN2M0YzAiOnsiY3JlYXRlIjozMDAwMDAwMDAwMDAsImRlbGV0ZSI6MzAwMDAwMDAwMDAwLCJ1cGRhdGUiOjMwMDAwMDAwMDAwMH0sInNjaGVtYV92ZXJzaW9uIjoiMSJ9",
          "dependencies": [
            "yandex_vpc_network.default",
            "yandex_vpc_subnet.default"
          ]
        }
      ]
    },
    {
      "mode": "managed",
      "type": "yandex_compute_instance",
      "name": "node03",
      "provider": "provider[\"registry.terraform.io/yandex-cloud/yandex\"]",
      "instances": [
        {
          "schema_version": 1,
          "attributes": {
            "allow_recreate": null,
            "allow_stopping_for_update": true,
            "boot_disk": [
              {
                "auto_delete": true,
                "device_name": "fhm9rcs7g6qmdan9tcv9",
                "disk_id": "fhm9rcs7g6qmdan9tcv9",
                "initialize_params": [
                  {
                    "block_size": 4096,
                    "description": "",
                    "image_id": "fd8jvcoeij6u9se84dt5",
                    "name": "root-node03",
                    "size": 10,
                    "snapshot_id": "",
                    "type": "network-ssd"
                  }
                ],
                "mode": "READ_WRITE"
              }
            ],
            "created_at": "2023-03-21T06:36:46Z",
            "description": "",
            "filesystem": [],
            "folder_id": "b1gtfhn8k74du29stfr9",
            "fqdn": "node03.netology.yc",
            "hostname": "node03.netology.yc",
            "id": "fhmmmbt11n6d7p6kdef8",
            "labels": null,
            "local_disk": [],
            "metadata": {
              "ssh-keys": "centos:ssh-rsa AAAAB3NzaC1yc2EAAAADAQABAAABgQCuc6YavrhABDzhjywcTPL7Z7g7AglXdzzUInWOXXNKlCcfnSFACKo3TEPkzanGUM/Pf6ybqZeSEpafrAISQ6BKZrnC0pWkj/CED4lUg3OhV1xpgF9q1CRgjM1746wj6CHE4Hdof+REHtRvp0PmOxqIFHhdM9vdYMPywVIkK06zDScZJn1jjak5R+WD/mGEiMLDxLy2D9DlB+O0nixHSSjGjWPB4akvbIQWubBvidObBoPOOLKkys/EIj+ZIB77aIIkViE0r+0dtGYcbF+eVtfU20PGitLsiaub/uY7Zsn+/f8kVwyb6xlelwnJM4F3d9I7a5yQNGHtNQE6TDn4/ArD+RVUHhy9nUhDC42XgEwm/J2Lu/7UQFiyIh0kBN32cEYch/DSZf59LcE3/JjBocw7eVDLw9SQrOWZWIP82EY6pWvj0fy05SHnxfSgfpNFBwVzS4+hSHkD3D+QQG9QkbhAIJvDL/q/Nzor2XIWHFPaYFM7veuKkIQMXsSm5JOpNx8= vagrant@NETOLOGY\n"
            },
            "metadata_options": [
              {
                "aws_v1_http_endpoint": 1,
                "aws_v1_http_token": 2,
                "gce_http_endpoint": 1,
                "gce_http_token": 1
              }
            ],
            "name": "node03",
            "network_acceleration_type": "standard",
            "network_interface": [
              {
                "dns_record": [],
                "index": 0,
                "ip_address": "192.168.101.20",
                "ipv4": true,
                "ipv6": false,
                "ipv6_address": "",
                "ipv6_dns_record": [],
                "mac_address": "d0:0d:16:b2:fa:10",
                "nat": true,
                "nat_dns_record": [],
                "nat_ip_address": "158.160.32.198",
                "nat_ip_version": "IPV4",
                "security_group_ids": [],
                "subnet_id": "e9b43bhfknp25pkropsv"
              }
            ],
            "placement_policy": [
              {
                "host_affinity_rules": [],
                "placement_group_id": ""
              }
            ],
            "platform_id": "standard-v1",
            "resources": [
              {
                "core_fraction": 100,
                "cores": 2,
                "gpus": 0,
                "memory": 2
              }
            ],
            "scheduling_policy": [
              {
                "preemptible": false
              }
            ],
            "secondary_disk": [],
            "service_account_id": "",
            "status": "running",
            "timeouts": null,
            "zone": "ru-central1-a"
          },
          "sensitive_attributes": [],
          "private": "eyJlMmJmYjczMC1lY2FhLTExZTYtOGY4OC0zNDM2M2JjN2M0YzAiOnsiY3JlYXRlIjozMDAwMDAwMDAwMDAsImRlbGV0ZSI6MzAwMDAwMDAwMDAwLCJ1cGRhdGUiOjMwMDAwMDAwMDAwMH0sInNjaGVtYV92ZXJzaW9uIjoiMSJ9",
          "dependencies": [
            "yandex_vpc_network.default",
            "yandex_vpc_subnet.default"
          ]
        }
      ]
    },
    {
      "mode": "managed",
      "type": "yandex_vpc_network",
      "name": "default",
      "provider": "provider[\"registry.terraform.io/yandex-cloud/yandex\"]",
      "instances": [
        {
          "schema_version": 0,
          "attributes": {
            "created_at": "2023-03-21T06:36:44Z",
            "default_security_group_id": "",
            "description": "",
            "folder_id": "b1gtfhn8k74du29stfr9",
            "id": "enp5cnrauhk8tfnivb68",
            "labels": {},
            "name": "net",
            "subnet_ids": [],
            "timeouts": null
          },
          "sensitive_attributes": [],
          "private": "eyJlMmJmYjczMC1lY2FhLTExZTYtOGY4OC0zNDM2M2JjN2M0YzAiOnsiY3JlYXRlIjo2MDAwMDAwMDAwMCwiZGVsZXRlIjo2MDAwMDAwMDAwMCwidXBkYXRlIjo2MDAwMDAwMDAwMH19"
        }
      ]
    },
    {
      "mode": "managed",
      "type": "yandex_vpc_subnet",
      "name": "default",
      "provider": "provider[\"registry.terraform.io/yandex-cloud/yandex\"]",
      "instances": [
        {
          "schema_version": 0,
          "attributes": {
            "created_at": "2023-03-21T06:36:45Z",
            "description": "",
            "dhcp_options": [],
            "folder_id": "b1gtfhn8k74du29stfr9",
            "id": "e9b43bhfknp25pkropsv",
            "labels": {},
            "name": "subnet",
            "network_id": "enp5cnrauhk8tfnivb68",
            "route_table_id": "",
            "timeouts": null,
            "v4_cidr_blocks": [
              "192.168.101.0/24"
            ],
            "v6_cidr_blocks": [],
            "zone": "ru-central1-a"
          },
          "sensitive_attributes": [],
          "private": "eyJlMmJmYjczMC1lY2FhLTExZTYtOGY4OC0zNDM2M2JjN2M0YzAiOnsiY3JlYXRlIjoxODAwMDAwMDAwMDAsImRlbGV0ZSI6MTgwMDAwMDAwMDAwLCJ1cGRhdGUiOjE4MDAwMDAwMDAwMH19",
          "dependencies": [
            "yandex_vpc_network.default"
          ]
        }
      ]
    }
  ],
  "check_results": null
}
